
Microsoft Visual Studio Solution File, Format Version 12.00
# Visual Studio Version 17
VisualStudioVersion = 17.3.32901.215
MinimumVisualStudioVersion = 10.0.40219.1
Project("{9A19103F-16F7-4668-BE54-9A1E7A4F7556}") = "IschukLab2", "Homework5\IschukLab2.csproj", "{D11751CD-65C2-4AE3-B8C3-D4C11A4143A3}"
EndProject
Global
	GlobalSection(SolutionConfigurationPlatforms) = preSolution
		Debug|Any CPU = Debug|Any CPU
		Release|Any CPU = Release|Any CPU
	EndGlobalSection
	GlobalSection(ProjectConfigurationPlatforms) = postSolution
		{D11751CD-65C2-4AE3-B8C3-D4C11A4143A3}.Debug|Any CPU.ActiveCfg = Debug|Any CPU
		{D11751CD-65C2-4AE3-B8C3-D4C11A4143A3}.Debug|Any CPU.Build.0 = Debug|Any CPU
		{D11751CD-65C2-4AE3-B8C3-D4C11A4143A3}.Release|Any CPU.ActiveCfg = Release|Any CPU
		{D11751CD-65C2-4AE3-B8C3-D4C11A4143A3}.Release|Any CPU.Build.0 = Release|Any CPU
	EndGlobalSection
	GlobalSection(SolutionProperties) = preSolution
		HideSolutionNode = FALSE
	EndGlobalSection
	GlobalSection(ExtensibilityGlobals) = postSolution
		SolutionGuid = {DFB30D3F-1CE8-4615-9605-35A5DF9F9004}
	EndGlobalSection
EndGlobal
